
Microsoft Visual Studio Solution File, Format Version 12.00
# Visual Studio Version 17
VisualStudioVersion = 17.1.32407.343
MinimumVisualStudioVersion = 10.0.40219.1
Project("{2150E333-8FDC-42A3-9474-1A3956D46DE8}") = ".items", ".items", "{865658CC-0C48-49D5-A168-21723D56D22C}"
	ProjectSection(SolutionItems) = preProject
		.gitignore = .gitignore
		LICENSE = LICENSE
		README.md = README.md
	EndProjectSection
EndProject
Project("{9A19103F-16F7-4668-BE54-9A1E7A4F7556}") = "D20Tek.CountryService", "src\D20Tek.CountryService\D20Tek.CountryService.csproj", "{5A0A2701-1F34-4304-8487-648E12C9AC60}"
EndProject
Project("{9A19103F-16F7-4668-BE54-9A1E7A4F7556}") = "D20Tek.CountryService.UnitTests", "tests\D20Tek.CountryService.UnitTests\D20Tek.CountryService.UnitTests.csproj", "{FB7EC594-DDED-481B-9A14-BE9DA09D25BA}"
EndProject
Project("{D954291E-2A0B-460D-934E-DC6B0785DB48}") = "D20Tek.CountryService.Common", "src\D20Tek.CountryService.Common\D20Tek.CountryService.Common.shproj", "{4B4B4C81-F078-4EA4-869F-26C0CE1B1E84}"
EndProject
Project("{FAE04EC0-301F-11D3-BF4B-00C04F79EFBC}") = "D20Tek.CountryService.Cli", "src\D20Tek.CountryService.Cli\D20Tek.CountryService.Cli.csproj", "{441BA889-EBAE-421A-A040-E651B3983669}"
EndProject
Project("{FAE04EC0-301F-11D3-BF4B-00C04F79EFBC}") = "D20Tek.CountryService.Cli.UnitTests", "tests\D20Tek.CountryService.Cli.UnitTests\D20Tek.CountryService.Cli.UnitTests.csproj", "{F3144DDC-3730-4163-ADD4-E764C1777A40}"
EndProject
Global
	GlobalSection(SharedMSBuildProjectFiles) = preSolution
		src\D20Tek.CountryService.Common\D20Tek.CountryService.Common.projitems*{441ba889-ebae-421a-a040-e651b3983669}*SharedItemsImports = 5
		src\D20Tek.CountryService.Common\D20Tek.CountryService.Common.projitems*{4b4b4c81-f078-4ea4-869f-26c0ce1b1e84}*SharedItemsImports = 13
		src\D20Tek.CountryService.Common\D20Tek.CountryService.Common.projitems*{5a0a2701-1f34-4304-8487-648e12c9ac60}*SharedItemsImports = 5
	EndGlobalSection
	GlobalSection(SolutionConfigurationPlatforms) = preSolution
		Debug|Any CPU = Debug|Any CPU
		Release|Any CPU = Release|Any CPU
	EndGlobalSection
	GlobalSection(ProjectConfigurationPlatforms) = postSolution
		{5A0A2701-1F34-4304-8487-648E12C9AC60}.Debug|Any CPU.ActiveCfg = Debug|Any CPU
		{5A0A2701-1F34-4304-8487-648E12C9AC60}.Debug|Any CPU.Build.0 = Debug|Any CPU
		{5A0A2701-1F34-4304-8487-648E12C9AC60}.Release|Any CPU.ActiveCfg = Release|Any CPU
		{5A0A2701-1F34-4304-8487-648E12C9AC60}.Release|Any CPU.Build.0 = Release|Any CPU
		{FB7EC594-DDED-481B-9A14-BE9DA09D25BA}.Debug|Any CPU.ActiveCfg = Debug|Any CPU
		{FB7EC594-DDED-481B-9A14-BE9DA09D25BA}.Debug|Any CPU.Build.0 = Debug|Any CPU
		{FB7EC594-DDED-481B-9A14-BE9DA09D25BA}.Release|Any CPU.ActiveCfg = Release|Any CPU
		{FB7EC594-DDED-481B-9A14-BE9DA09D25BA}.Release|Any CPU.Build.0 = Release|Any CPU
		{441BA889-EBAE-421A-A040-E651B3983669}.Debug|Any CPU.ActiveCfg = Debug|Any CPU
		{441BA889-EBAE-421A-A040-E651B3983669}.Debug|Any CPU.Build.0 = Debug|Any CPU
		{441BA889-EBAE-421A-A040-E651B3983669}.Release|Any CPU.ActiveCfg = Release|Any CPU
		{441BA889-EBAE-421A-A040-E651B3983669}.Release|Any CPU.Build.0 = Release|Any CPU
		{F3144DDC-3730-4163-ADD4-E764C1777A40}.Debug|Any CPU.ActiveCfg = Debug|Any CPU
		{F3144DDC-3730-4163-ADD4-E764C1777A40}.Debug|Any CPU.Build.0 = Debug|Any CPU
		{F3144DDC-3730-4163-ADD4-E764C1777A40}.Release|Any CPU.ActiveCfg = Release|Any CPU
		{F3144DDC-3730-4163-ADD4-E764C1777A40}.Release|Any CPU.Build.0 = Release|Any CPU
	EndGlobalSection
	GlobalSection(SolutionProperties) = preSolution
		HideSolutionNode = FALSE
	EndGlobalSection
	GlobalSection(ExtensibilityGlobals) = postSolution
		SolutionGuid = {8C3D0840-EE4F-4156-9DAD-0EB52C23A42C}
	EndGlobalSection
EndGlobal
